
Microsoft Visual Studio Solution File, Format Version 12.00
# Visual Studio Version 17
VisualStudioVersion = 17.3.32922.545
MinimumVisualStudioVersion = 10.0.40219.1
Project("{FAE04EC0-301F-11D3-BF4B-00C04F79EFBC}") = "StackUsingSingleLinkListtt", "StackUsingSingleLinkListtt\StackUsingSingleLinkListtt.csproj", "{EF43B6AE-3115-4B50-9C22-8C5C6A30D706}"
EndProject
Global
	GlobalSection(SolutionConfigurationPlatforms) = preSolution
		Debug|Any CPU = Debug|Any CPU
		Release|Any CPU = Release|Any CPU
	EndGlobalSection
	GlobalSection(ProjectConfigurationPlatforms) = postSolution
		{EF43B6AE-3115-4B50-9C22-8C5C6A30D706}.Debug|Any CPU.ActiveCfg = Debug|Any CPU
		{EF43B6AE-3115-4B50-9C22-8C5C6A30D706}.Debug|Any CPU.Build.0 = Debug|Any CPU
		{EF43B6AE-3115-4B50-9C22-8C5C6A30D706}.Release|Any CPU.ActiveCfg = Release|Any CPU
		{EF43B6AE-3115-4B50-9C22-8C5C6A30D706}.Release|Any CPU.Build.0 = Release|Any CPU
	EndGlobalSection
	GlobalSection(SolutionProperties) = preSolution
		HideSolutionNode = FALSE
	EndGlobalSection
	GlobalSection(ExtensibilityGlobals) = postSolution
		SolutionGuid = {94BB132A-C116-43DE-B23F-6615CF1076E6}
	EndGlobalSection
EndGlobal
